
Microsoft Visual Studio Solution File, Format Version 12.00
# Visual Studio 15
VisualStudioVersion = 15.0.27004.2009
MinimumVisualStudioVersion = 10.0.40219.1
Project("{2150E333-8FDC-42A3-9474-1A3956D46DE8}") = "数据实体", "数据实体", "{81DED0D1-735C-41A2-B6A7-198CDF7E0436}"
EndProject
Project("{9A19103F-16F7-4668-BE54-9A1E7A4F7556}") = "Galaxy.Taurus.AuthorizationAPI.Entitys", "数据实体\Galaxy.Taurus.AuthorizationAPI.Entitys\Galaxy.Taurus.AuthorizationAPI.Entitys.csproj", "{9875F3BC-85A7-4067-9A26-5DB070DAD364}"
EndProject
Project("{2150E333-8FDC-42A3-9474-1A3956D46DE8}") = "数据库仓储", "数据库仓储", "{EEE3CB2D-0304-4C98-9815-1A7C3CAA640D}"
EndProject
Project("{2150E333-8FDC-42A3-9474-1A3956D46DE8}") = "业务逻辑", "业务逻辑", "{C19BED64-EC74-4B79-9E4A-A4487438C65C}"
EndProject
Project("{2150E333-8FDC-42A3-9474-1A3956D46DE8}") = "依赖注入", "依赖注入", "{2DF45BFA-5E4A-4CFE-843F-B4D40C96BDCB}"
EndProject
Project("{2150E333-8FDC-42A3-9474-1A3956D46DE8}") = "数据缓存", "数据缓存", "{33215F32-F0BD-4B25-8CEB-150BABD77E94}"
EndProject
Project("{9A19103F-16F7-4668-BE54-9A1E7A4F7556}") = "Galaxy.Taurus.AuthorizationAPI.IDBAccess", "数据库存储\Galaxy.Taurus.AuthorizationAPI.IDBAccess\Galaxy.Taurus.AuthorizationAPI.IDBAccess.csproj", "{FF801C2A-E0C3-49A7-B3E1-44CC2DBDAF25}"
EndProject
Project("{9A19103F-16F7-4668-BE54-9A1E7A4F7556}") = "Galaxy.Taurus.AuthorizationAPI.DBAccess", "数据库存储\Galaxy.Taurus.AuthorizationAPI.DBAccess\Galaxy.Taurus.AuthorizationAPI.DBAccess.csproj", "{1C06C2D3-A3FF-48BD-8D70-D17D9A2E94EE}"
EndProject
Project("{2150E333-8FDC-42A3-9474-1A3956D46DE8}") = "服务配置", "服务配置", "{9CA17A47-AF19-4FFB-96DA-65E6134CEC72}"
EndProject
Project("{9A19103F-16F7-4668-BE54-9A1E7A4F7556}") = "Galaxy.Taurus.AuthorizationAPI.Config", "服务配置\Galaxy.Taurus.AuthorizationAPI.Config\Galaxy.Taurus.AuthorizationAPI.Config.csproj", "{3C4235AB-8CA9-4F95-922A-9BF21792E4DA}"
EndProject
Project("{9A19103F-16F7-4668-BE54-9A1E7A4F7556}") = "Galaxy.Taurus.AuthorizationAPI.IBusiness", "业务逻辑\Galaxy.Taurus.AuthorizationAPI.IBusiness\Galaxy.Taurus.AuthorizationAPI.IBusiness.csproj", "{D2DC7B0C-0FE8-4323-9A46-23E098294A8B}"
EndProject
Project("{9A19103F-16F7-4668-BE54-9A1E7A4F7556}") = "Galaxy.Taurus.AuthorizationAPI.Business", "业务逻辑\Galaxy.Taurus.AuthorizationAPI.Business\Galaxy.Taurus.AuthorizationAPI.Business.csproj", "{F165FE17-ECA9-4CBA-B234-01FCDDABFD33}"
EndProject
Project("{9A19103F-16F7-4668-BE54-9A1E7A4F7556}") = "Galaxy.Taurus.AuthorizationAPI.UnitTest", "单元测试\Galaxy.Taurus.AuthorizationAPI.UnitTest\Galaxy.Taurus.AuthorizationAPI.UnitTest.csproj", "{31899DC7-81E5-4593-B31E-7CDA57EB6125}"
EndProject
Project("{9A19103F-16F7-4668-BE54-9A1E7A4F7556}") = "Galaxy.Taurus.AuthorizationAPI.Dependency", "依赖注入\Galaxy.Taurus.AuthorizationAPI.Dependency\Galaxy.Taurus.AuthorizationAPI.Dependency.csproj", "{C4EB681B-4FFA-42E5-9B3B-D0EE1E1DFE4A}"
EndProject
Project("{9A19103F-16F7-4668-BE54-9A1E7A4F7556}") = "Galaxy.Taurus.AuthorizationAPI.Cached", "数据缓存\Galaxy.Taurus.AuthorizationAPI.Cached\Galaxy.Taurus.AuthorizationAPI.Cached.csproj", "{DBAF7894-7F72-41EB-922E-408074E74517}"
EndProject
Project("{9A19103F-16F7-4668-BE54-9A1E7A4F7556}") = "Galaxy.Taurus.AuthorizationAPI.ICached", "数据缓存\Galaxy.Taurus.AuthorizationAPI.ICached\Galaxy.Taurus.AuthorizationAPI.ICached.csproj", "{1412D9C4-E833-45C1-BFAD-86951051664B}"
EndProject
Project("{2150E333-8FDC-42A3-9474-1A3956D46DE8}") = "公共模块", "公共模块", "{48587B41-5D91-4B63-B6D5-A253E81BFE7A}"
EndProject
Project("{9A19103F-16F7-4668-BE54-9A1E7A4F7556}") = "Galaxy.Taurus.SMSUtil", "..\..\公共模块\SMS\Galaxy.Taurus.SMSUtil\Galaxy.Taurus.SMSUtil.csproj", "{2292FBD5-8737-4679-829C-40261776325F}"
EndProject
Project("{9A19103F-16F7-4668-BE54-9A1E7A4F7556}") = "Galaxy.Taurus.AuthorizationAPI", "apiService\Galaxy.Taurus.AuthorizationAPI\Galaxy.Taurus.AuthorizationAPI.csproj", "{4C2ACB4E-225A-409F-B9AE-92189D3F13F7}"
EndProject
Project("{9A19103F-16F7-4668-BE54-9A1E7A4F7556}") = "Galaxy.Taurus.DBUtil", "..\..\公共模块\DBUtil\Galaxy.Taurus.DBUtil\Galaxy.Taurus.DBUtil.csproj", "{5C769ED2-A442-4191-AAEC-01270DA1998E}"
EndProject
Project("{9A19103F-16F7-4668-BE54-9A1E7A4F7556}") = "Galaxy.Taurus.IDBUtil", "..\..\公共模块\DBUtil\Galaxy.Taurus.IDBUtil\Galaxy.Taurus.IDBUtil.csproj", "{B5BF6471-D5B1-4EB8-9951-F05048118025}"
EndProject
Project("{FAE04EC0-301F-11D3-BF4B-00C04F79EFBC}") = "Galaxy.Taurus.CachedUtil", "..\..\公共模块\Cached\Galaxy.Taurus.CachedUtil\Galaxy.Taurus.CachedUtil.csproj", "{3316F31B-E1E1-425A-B5CD-F5F21D552431}"
EndProject
Project("{FAE04EC0-301F-11D3-BF4B-00C04F79EFBC}") = "Galaxy.Taurus.MQUtil", "..\..\公共模块\MQ\Galaxy.Taurus.MQUtil\Galaxy.Taurus.MQUtil.csproj", "{931331DA-302E-42EE-AB39-F661C589E4B1}"
EndProject
Global
	GlobalSection(SolutionConfigurationPlatforms) = preSolution
		Debug|Any CPU = Debug|Any CPU
		Release|Any CPU = Release|Any CPU
	EndGlobalSection
	GlobalSection(ProjectConfigurationPlatforms) = postSolution
		{9875F3BC-85A7-4067-9A26-5DB070DAD364}.Debug|Any CPU.ActiveCfg = Debug|Any CPU
		{9875F3BC-85A7-4067-9A26-5DB070DAD364}.Debug|Any CPU.Build.0 = Debug|Any CPU
		{9875F3BC-85A7-4067-9A26-5DB070DAD364}.Release|Any CPU.ActiveCfg = Release|Any CPU
		{9875F3BC-85A7-4067-9A26-5DB070DAD364}.Release|Any CPU.Build.0 = Release|Any CPU
		{FF801C2A-E0C3-49A7-B3E1-44CC2DBDAF25}.Debug|Any CPU.ActiveCfg = Debug|Any CPU
		{FF801C2A-E0C3-49A7-B3E1-44CC2DBDAF25}.Debug|Any CPU.Build.0 = Debug|Any CPU
		{FF801C2A-E0C3-49A7-B3E1-44CC2DBDAF25}.Release|Any CPU.ActiveCfg = Release|Any CPU
		{FF801C2A-E0C3-49A7-B3E1-44CC2DBDAF25}.Release|Any CPU.Build.0 = Release|Any CPU
		{1C06C2D3-A3FF-48BD-8D70-D17D9A2E94EE}.Debug|Any CPU.ActiveCfg = Debug|Any CPU
		{1C06C2D3-A3FF-48BD-8D70-D17D9A2E94EE}.Debug|Any CPU.Build.0 = Debug|Any CPU
		{1C06C2D3-A3FF-48BD-8D70-D17D9A2E94EE}.Release|Any CPU.ActiveCfg = Release|Any CPU
		{1C06C2D3-A3FF-48BD-8D70-D17D9A2E94EE}.Release|Any CPU.Build.0 = Release|Any CPU
		{3C4235AB-8CA9-4F95-922A-9BF21792E4DA}.Debug|Any CPU.ActiveCfg = Debug|Any CPU
		{3C4235AB-8CA9-4F95-922A-9BF21792E4DA}.Debug|Any CPU.Build.0 = Debug|Any CPU
		{3C4235AB-8CA9-4F95-922A-9BF21792E4DA}.Release|Any CPU.ActiveCfg = Release|Any CPU
		{3C4235AB-8CA9-4F95-922A-9BF21792E4DA}.Release|Any CPU.Build.0 = Release|Any CPU
		{D2DC7B0C-0FE8-4323-9A46-23E098294A8B}.Debug|Any CPU.ActiveCfg = Debug|Any CPU
		{D2DC7B0C-0FE8-4323-9A46-23E098294A8B}.Debug|Any CPU.Build.0 = Debug|Any CPU
		{D2DC7B0C-0FE8-4323-9A46-23E098294A8B}.Release|Any CPU.ActiveCfg = Release|Any CPU
		{D2DC7B0C-0FE8-4323-9A46-23E098294A8B}.Release|Any CPU.Build.0 = Release|Any CPU
		{F165FE17-ECA9-4CBA-B234-01FCDDABFD33}.Debug|Any CPU.ActiveCfg = Debug|Any CPU
		{F165FE17-ECA9-4CBA-B234-01FCDDABFD33}.Debug|Any CPU.Build.0 = Debug|Any CPU
		{F165FE17-ECA9-4CBA-B234-01FCDDABFD33}.Release|Any CPU.ActiveCfg = Release|Any CPU
		{F165FE17-ECA9-4CBA-B234-01FCDDABFD33}.Release|Any CPU.Build.0 = Release|Any CPU
		{31899DC7-81E5-4593-B31E-7CDA57EB6125}.Debug|Any CPU.ActiveCfg = Debug|Any CPU
		{31899DC7-81E5-4593-B31E-7CDA57EB6125}.Debug|Any CPU.Build.0 = Debug|Any CPU
		{31899DC7-81E5-4593-B31E-7CDA57EB6125}.Release|Any CPU.ActiveCfg = Release|Any CPU
		{31899DC7-81E5-4593-B31E-7CDA57EB6125}.Release|Any CPU.Build.0 = Release|Any CPU
		{C4EB681B-4FFA-42E5-9B3B-D0EE1E1DFE4A}.Debug|Any CPU.ActiveCfg = Debug|Any CPU
		{C4EB681B-4FFA-42E5-9B3B-D0EE1E1DFE4A}.Debug|Any CPU.Build.0 = Debug|Any CPU
		{C4EB681B-4FFA-42E5-9B3B-D0EE1E1DFE4A}.Release|Any CPU.ActiveCfg = Release|Any CPU
		{C4EB681B-4FFA-42E5-9B3B-D0EE1E1DFE4A}.Release|Any CPU.Build.0 = Release|Any CPU
		{DBAF7894-7F72-41EB-922E-408074E74517}.Debug|Any CPU.ActiveCfg = Debug|Any CPU
		{DBAF7894-7F72-41EB-922E-408074E74517}.Debug|Any CPU.Build.0 = Debug|Any CPU
		{DBAF7894-7F72-41EB-922E-408074E74517}.Release|Any CPU.ActiveCfg = Release|Any CPU
		{DBAF7894-7F72-41EB-922E-408074E74517}.Release|Any CPU.Build.0 = Release|Any CPU
		{1412D9C4-E833-45C1-BFAD-86951051664B}.Debug|Any CPU.ActiveCfg = Debug|Any CPU
		{1412D9C4-E833-45C1-BFAD-86951051664B}.Debug|Any CPU.Build.0 = Debug|Any CPU
		{1412D9C4-E833-45C1-BFAD-86951051664B}.Release|Any CPU.ActiveCfg = Release|Any CPU
		{1412D9C4-E833-45C1-BFAD-86951051664B}.Release|Any CPU.Build.0 = Release|Any CPU
		{2292FBD5-8737-4679-829C-40261776325F}.Debug|Any CPU.ActiveCfg = Debug|Any CPU
		{2292FBD5-8737-4679-829C-40261776325F}.Debug|Any CPU.Build.0 = Debug|Any CPU
		{2292FBD5-8737-4679-829C-40261776325F}.Release|Any CPU.ActiveCfg = Release|Any CPU
		{2292FBD5-8737-4679-829C-40261776325F}.Release|Any CPU.Build.0 = Release|Any CPU
		{4C2ACB4E-225A-409F-B9AE-92189D3F13F7}.Debug|Any CPU.ActiveCfg = Debug|Any CPU
		{4C2ACB4E-225A-409F-B9AE-92189D3F13F7}.Debug|Any CPU.Build.0 = Debug|Any CPU
		{4C2ACB4E-225A-409F-B9AE-92189D3F13F7}.Release|Any CPU.ActiveCfg = Release|Any CPU
		{4C2ACB4E-225A-409F-B9AE-92189D3F13F7}.Release|Any CPU.Build.0 = Release|Any CPU
		{5C769ED2-A442-4191-AAEC-01270DA1998E}.Debug|Any CPU.ActiveCfg = Debug|Any CPU
		{5C769ED2-A442-4191-AAEC-01270DA1998E}.Debug|Any CPU.Build.0 = Debug|Any CPU
		{5C769ED2-A442-4191-AAEC-01270DA1998E}.Release|Any CPU.ActiveCfg = Release|Any CPU
		{5C769ED2-A442-4191-AAEC-01270DA1998E}.Release|Any CPU.Build.0 = Release|Any CPU
		{B5BF6471-D5B1-4EB8-9951-F05048118025}.Debug|Any CPU.ActiveCfg = Debug|Any CPU
		{B5BF6471-D5B1-4EB8-9951-F05048118025}.Debug|Any CPU.Build.0 = Debug|Any CPU
		{B5BF6471-D5B1-4EB8-9951-F05048118025}.Release|Any CPU.ActiveCfg = Release|Any CPU
		{B5BF6471-D5B1-4EB8-9951-F05048118025}.Release|Any CPU.Build.0 = Release|Any CPU
		{3316F31B-E1E1-425A-B5CD-F5F21D552431}.Debug|Any CPU.ActiveCfg = Debug|Any CPU
		{3316F31B-E1E1-425A-B5CD-F5F21D552431}.Debug|Any CPU.Build.0 = Debug|Any CPU
		{3316F31B-E1E1-425A-B5CD-F5F21D552431}.Release|Any CPU.ActiveCfg = Release|Any CPU
		{3316F31B-E1E1-425A-B5CD-F5F21D552431}.Release|Any CPU.Build.0 = Release|Any CPU
		{931331DA-302E-42EE-AB39-F661C589E4B1}.Debug|Any CPU.ActiveCfg = Debug|Any CPU
		{931331DA-302E-42EE-AB39-F661C589E4B1}.Debug|Any CPU.Build.0 = Debug|Any CPU
		{931331DA-302E-42EE-AB39-F661C589E4B1}.Release|Any CPU.ActiveCfg = Release|Any CPU
		{931331DA-302E-42EE-AB39-F661C589E4B1}.Release|Any CPU.Build.0 = Release|Any CPU
	EndGlobalSection
	GlobalSection(SolutionProperties) = preSolution
		HideSolutionNode = FALSE
	EndGlobalSection
	GlobalSection(NestedProjects) = preSolution
		{9875F3BC-85A7-4067-9A26-5DB070DAD364} = {81DED0D1-735C-41A2-B6A7-198CDF7E0436}
		{FF801C2A-E0C3-49A7-B3E1-44CC2DBDAF25} = {EEE3CB2D-0304-4C98-9815-1A7C3CAA640D}
		{1C06C2D3-A3FF-48BD-8D70-D17D9A2E94EE} = {EEE3CB2D-0304-4C98-9815-1A7C3CAA640D}
		{3C4235AB-8CA9-4F95-922A-9BF21792E4DA} = {9CA17A47-AF19-4FFB-96DA-65E6134CEC72}
		{D2DC7B0C-0FE8-4323-9A46-23E098294A8B} = {C19BED64-EC74-4B79-9E4A-A4487438C65C}
		{F165FE17-ECA9-4CBA-B234-01FCDDABFD33} = {C19BED64-EC74-4B79-9E4A-A4487438C65C}
		{C4EB681B-4FFA-42E5-9B3B-D0EE1E1DFE4A} = {2DF45BFA-5E4A-4CFE-843F-B4D40C96BDCB}
		{DBAF7894-7F72-41EB-922E-408074E74517} = {33215F32-F0BD-4B25-8CEB-150BABD77E94}
		{1412D9C4-E833-45C1-BFAD-86951051664B} = {33215F32-F0BD-4B25-8CEB-150BABD77E94}
		{2292FBD5-8737-4679-829C-40261776325F} = {48587B41-5D91-4B63-B6D5-A253E81BFE7A}
		{5C769ED2-A442-4191-AAEC-01270DA1998E} = {48587B41-5D91-4B63-B6D5-A253E81BFE7A}
		{B5BF6471-D5B1-4EB8-9951-F05048118025} = {48587B41-5D91-4B63-B6D5-A253E81BFE7A}
		{3316F31B-E1E1-425A-B5CD-F5F21D552431} = {48587B41-5D91-4B63-B6D5-A253E81BFE7A}
		{931331DA-302E-42EE-AB39-F661C589E4B1} = {48587B41-5D91-4B63-B6D5-A253E81BFE7A}
	EndGlobalSection
	GlobalSection(ExtensibilityGlobals) = postSolution
		SolutionGuid = {71E9D70D-DEE3-45B6-ACAF-622726864F92}
	EndGlobalSection
EndGlobal
